// !$*UTF8*$!
{
	archiveVersion = 1;
	classes = {
	};
	objectVersion = 55;
	objects = {

/* Begin PBXBuildFile section */
		02238FAD27EB681D0025903B /* Assets.xcassets in Resources */ = {isa = PBXBuildFile; fileRef = 02238FAC27EB681D0025903B /* Assets.xcassets */; };
		02238FB027EB681D0025903B /* Preview Assets.xcassets in Resources */ = {isa = PBXBuildFile; fileRef = 02238FAF27EB681D0025903B /* Preview Assets.xcassets */; };
		02238FBA27EB681D0025903B /* DisneyCharactersTests.swift in Sources */ = {isa = PBXBuildFile; fileRef = 02238FB927EB681D0025903B /* DisneyCharactersTests.swift */; };
		02238FD427EB68DF0025903B /* DisneyCharactersApp.swift in Sources */ = {isa = PBXBuildFile; fileRef = 02238FD327EB68DF0025903B /* DisneyCharactersApp.swift */; };
		02238FD727EB69570025903B /* CharactersListView.swift in Sources */ = {isa = PBXBuildFile; fileRef = 02238FD627EB69570025903B /* CharactersListView.swift */; };
		60D4AA022EC16A06507C6E3D /* Pods_DisneyCharacters.framework in Frameworks */ = {isa = PBXBuildFile; fileRef = 0DFB598C0183E7C9B515BE49 /* Pods_DisneyCharacters.framework */; };
		A48F609ECEB19F99FB337FAC /* Pods_DisneyCharactersTests.framework in Frameworks */ = {isa = PBXBuildFile; fileRef = 0572599B6B5FB1219723CCCE /* Pods_DisneyCharactersTests.framework */; };
/* End PBXBuildFile section */

/* Begin PBXContainerItemProxy section */
		02238FB627EB681D0025903B /* PBXContainerItemProxy */ = {
			isa = PBXContainerItemProxy;
			containerPortal = 02238F9D27EB681B0025903B /* Project object */;
			proxyType = 1;
			remoteGlobalIDString = 02238FA427EB681B0025903B;
			remoteInfo = DisneyCharacters;
		};
/* End PBXContainerItemProxy section */

/* Begin PBXFileReference section */
		02238FA527EB681B0025903B /* DisneyCharacters.app */ = {isa = PBXFileReference; explicitFileType = wrapper.application; includeInIndex = 0; path = DisneyCharacters.app; sourceTree = BUILT_PRODUCTS_DIR; };
		02238FAC27EB681D0025903B /* Assets.xcassets */ = {isa = PBXFileReference; lastKnownFileType = folder.assetcatalog; path = Assets.xcassets; sourceTree = "<group>"; };
		02238FAF27EB681D0025903B /* Preview Assets.xcassets */ = {isa = PBXFileReference; lastKnownFileType = folder.assetcatalog; path = "Preview Assets.xcassets"; sourceTree = "<group>"; };
		02238FB527EB681D0025903B /* DisneyCharactersTests.xctest */ = {isa = PBXFileReference; explicitFileType = wrapper.cfbundle; includeInIndex = 0; path = DisneyCharactersTests.xctest; sourceTree = BUILT_PRODUCTS_DIR; };
		02238FB927EB681D0025903B /* DisneyCharactersTests.swift */ = {isa = PBXFileReference; lastKnownFileType = sourcecode.swift; path = DisneyCharactersTests.swift; sourceTree = "<group>"; };
		02238FD327EB68DF0025903B /* DisneyCharactersApp.swift */ = {isa = PBXFileReference; fileEncoding = 4; lastKnownFileType = sourcecode.swift; path = DisneyCharactersApp.swift; sourceTree = "<group>"; };
		02238FD627EB69570025903B /* CharactersListView.swift */ = {isa = PBXFileReference; fileEncoding = 4; lastKnownFileType = sourcecode.swift; path = CharactersListView.swift; sourceTree = "<group>"; };
		0572599B6B5FB1219723CCCE /* Pods_DisneyCharactersTests.framework */ = {isa = PBXFileReference; explicitFileType = wrapper.framework; includeInIndex = 0; path = Pods_DisneyCharactersTests.framework; sourceTree = BUILT_PRODUCTS_DIR; };
		0DFB598C0183E7C9B515BE49 /* Pods_DisneyCharacters.framework */ = {isa = PBXFileReference; explicitFileType = wrapper.framework; includeInIndex = 0; path = Pods_DisneyCharacters.framework; sourceTree = BUILT_PRODUCTS_DIR; };
		2AD177F119F5CDA85DD296E6 /* Pods-DisneyCharactersTests.release.xcconfig */ = {isa = PBXFileReference; includeInIndex = 1; lastKnownFileType = text.xcconfig; name = "Pods-DisneyCharactersTests.release.xcconfig"; path = "Target Support Files/Pods-DisneyCharactersTests/Pods-DisneyCharactersTests.release.xcconfig"; sourceTree = "<group>"; };
		ADA58214865FEBE1F4AF50CC /* Pods-DisneyCharacters.debug.xcconfig */ = {isa = PBXFileReference; includeInIndex = 1; lastKnownFileType = text.xcconfig; name = "Pods-DisneyCharacters.debug.xcconfig"; path = "Target Support Files/Pods-DisneyCharacters/Pods-DisneyCharacters.debug.xcconfig"; sourceTree = "<group>"; };
		EB17F91710E61BDC90A2F822 /* Pods-DisneyCharacters.release.xcconfig */ = {isa = PBXFileReference; includeInIndex = 1; lastKnownFileType = text.xcconfig; name = "Pods-DisneyCharacters.release.xcconfig"; path = "Target Support Files/Pods-DisneyCharacters/Pods-DisneyCharacters.release.xcconfig"; sourceTree = "<group>"; };
		ED268ABA857D534BD67746F7 /* Pods-DisneyCharactersTests.debug.xcconfig */ = {isa = PBXFileReference; includeInIndex = 1; lastKnownFileType = text.xcconfig; name = "Pods-DisneyCharactersTests.debug.xcconfig"; path = "Target Support Files/Pods-DisneyCharactersTests/Pods-DisneyCharactersTests.debug.xcconfig"; sourceTree = "<group>"; };
/* End PBXFileReference section */

/* Begin PBXFrameworksBuildPhase section */
		02238FA227EB681B0025903B /* Frameworks */ = {
			isa = PBXFrameworksBuildPhase;
			buildActionMask = 2147483647;
			files = (
				60D4AA022EC16A06507C6E3D /* Pods_DisneyCharacters.framework in Frameworks */,
			);
			runOnlyForDeploymentPostprocessing = 0;
		};
		02238FB227EB681D0025903B /* Frameworks */ = {
			isa = PBXFrameworksBuildPhase;
			buildActionMask = 2147483647;
			files = (
				A48F609ECEB19F99FB337FAC /* Pods_DisneyCharactersTests.framework in Frameworks */,
			);
			runOnlyForDeploymentPostprocessing = 0;
		};
/* End PBXFrameworksBuildPhase section */

/* Begin PBXGroup section */
		02238F9C27EB681B0025903B = {
			isa = PBXGroup;
			children = (
				02238FA727EB681B0025903B /* DisneyCharacters */,
				02238FB827EB681D0025903B /* DisneyCharactersTests */,
				02238FA627EB681B0025903B /* Products */,
				82B5F1FD48C12A6B2208854E /* Pods */,
				B4B0EEE693405184787E37AE /* Frameworks */,
			);
			sourceTree = "<group>";
		};
		02238FA627EB681B0025903B /* Products */ = {
			isa = PBXGroup;
			children = (
				02238FA527EB681B0025903B /* DisneyCharacters.app */,
				02238FB527EB681D0025903B /* DisneyCharactersTests.xctest */,
			);
			name = Products;
			sourceTree = "<group>";
		};
		02238FA727EB681B0025903B /* DisneyCharacters */ = {
			isa = PBXGroup;
			children = (
				02238FD227EB68DF0025903B /* App */,
				02238FD527EB69570025903B /* CharactersList */,
				02238FAC27EB681D0025903B /* Assets.xcassets */,
				02238FAE27EB681D0025903B /* Preview Content */,
			);
			path = DisneyCharacters;
			sourceTree = "<group>";
		};
		02238FAE27EB681D0025903B /* Preview Content */ = {
			isa = PBXGroup;
			children = (
				02238FAF27EB681D0025903B /* Preview Assets.xcassets */,
			);
			path = "Preview Content";
			sourceTree = "<group>";
		};
		02238FB827EB681D0025903B /* DisneyCharactersTests */ = {
			isa = PBXGroup;
			children = (
				02238FB927EB681D0025903B /* DisneyCharactersTests.swift */,
			);
			path = DisneyCharactersTests;
			sourceTree = "<group>";
		};
		02238FD227EB68DF0025903B /* App */ = {
			isa = PBXGroup;
			children = (
				02238FD327EB68DF0025903B /* DisneyCharactersApp.swift */,
			);
			path = App;
			sourceTree = "<group>";
		};
		02238FD527EB69570025903B /* CharactersList */ = {
			isa = PBXGroup;
			children = (
				02238FD627EB69570025903B /* CharactersListView.swift */,
			);
			path = CharactersList;
			sourceTree = "<group>";
		};
		82B5F1FD48C12A6B2208854E /* Pods */ = {
			isa = PBXGroup;
			children = (
				ADA58214865FEBE1F4AF50CC /* Pods-DisneyCharacters.debug.xcconfig */,
				EB17F91710E61BDC90A2F822 /* Pods-DisneyCharacters.release.xcconfig */,
				ED268ABA857D534BD67746F7 /* Pods-DisneyCharactersTests.debug.xcconfig */,
				2AD177F119F5CDA85DD296E6 /* Pods-DisneyCharactersTests.release.xcconfig */,
			);
			name = Pods;
			path = Pods;
			sourceTree = "<group>";
		};
		B4B0EEE693405184787E37AE /* Frameworks */ = {
			isa = PBXGroup;
			children = (
				0DFB598C0183E7C9B515BE49 /* Pods_DisneyCharacters.framework */,
				0572599B6B5FB1219723CCCE /* Pods_DisneyCharactersTests.framework */,
			);
			name = Frameworks;
			sourceTree = "<group>";
		};
/* End PBXGroup section */

/* Begin PBXNativeTarget section */
		02238FA427EB681B0025903B /* DisneyCharacters */ = {
			isa = PBXNativeTarget;
			buildConfigurationList = 02238FC927EB681D0025903B /* Build configuration list for PBXNativeTarget "DisneyCharacters" */;
			buildPhases = (
				5EDBA069E6BB4EE714C180CF /* [CP] Check Pods Manifest.lock */,
				02238FA127EB681B0025903B /* Sources */,
				02238FA227EB681B0025903B /* Frameworks */,
				02238FA327EB681B0025903B /* Resources */,
				BAE58202A3DEFA68204927A5 /* [CP] Embed Pods Frameworks */,
			);
			buildRules = (
			);
			dependencies = (
			);
			name = DisneyCharacters;
			productName = DisneyCharacters;
			productReference = 02238FA527EB681B0025903B /* DisneyCharacters.app */;
			productType = "com.apple.product-type.application";
		};
		02238FB427EB681D0025903B /* DisneyCharactersTests */ = {
			isa = PBXNativeTarget;
			buildConfigurationList = 02238FCC27EB681D0025903B /* Build configuration list for PBXNativeTarget "DisneyCharactersTests" */;
			buildPhases = (
				B75BA47A715B8B64CAF741A4 /* [CP] Check Pods Manifest.lock */,
				02238FB127EB681D0025903B /* Sources */,
				02238FB227EB681D0025903B /* Frameworks */,
				02238FB327EB681D0025903B /* Resources */,
			);
			buildRules = (
			);
			dependencies = (
				02238FB727EB681D0025903B /* PBXTargetDependency */,
			);
			name = DisneyCharactersTests;
			productName = DisneyCharactersTests;
			productReference = 02238FB527EB681D0025903B /* DisneyCharactersTests.xctest */;
			productType = "com.apple.product-type.bundle.unit-test";
		};
/* End PBXNativeTarget section */

/* Begin PBXProject section */
		02238F9D27EB681B0025903B /* Project object */ = {
			isa = PBXProject;
			attributes = {
				BuildIndependentTargetsInParallel = 1;
				LastSwiftUpdateCheck = 1320;
				LastUpgradeCheck = 1320;
				TargetAttributes = {
					02238FA427EB681B0025903B = {
						CreatedOnToolsVersion = 13.2.1;
					};
					02238FB427EB681D0025903B = {
						CreatedOnToolsVersion = 13.2.1;
						TestTargetID = 02238FA427EB681B0025903B;
					};
				};
			};
			buildConfigurationList = 02238FA027EB681B0025903B /* Build configuration list for PBXProject "DisneyCharacters" */;
			compatibilityVersion = "Xcode 13.0";
			developmentRegion = en;
			hasScannedForEncodings = 0;
			knownRegions = (
				en,
				Base,
			);
			mainGroup = 02238F9C27EB681B0025903B;
			productRefGroup = 02238FA627EB681B0025903B /* Products */;
			projectDirPath = "";
			projectRoot = "";
			targets = (
				02238FA427EB681B0025903B /* DisneyCharacters */,
				02238FB427EB681D0025903B /* DisneyCharactersTests */,
			);
		};
/* End PBXProject section */

/* Begin PBXResourcesBuildPhase section */
		02238FA327EB681B0025903B /* Resources */ = {
			isa = PBXResourcesBuildPhase;
			buildActionMask = 2147483647;
			files = (
				02238FB027EB681D0025903B /* Preview Assets.xcassets in Resources */,
				02238FAD27EB681D0025903B /* Assets.xcassets in Resources */,
			);
			runOnlyForDeploymentPostprocessing = 0;
		};
		02238FB327EB681D0025903B /* Resources */ = {
			isa = PBXResourcesBuildPhase;
			buildActionMask = 2147483647;
			files = (
			);
			runOnlyForDeploymentPostprocessing = 0;
		};
/* End PBXResourcesBuildPhase section */

/* Begin PBXShellScriptBuildPhase section */
		5EDBA069E6BB4EE714C180CF /* [CP] Check Pods Manifest.lock */ = {
			isa = PBXShellScriptBuildPhase;
			buildActionMask = 2147483647;
			files = (
			);
			inputFileListPaths = (
			);
			inputPaths = (
				"${PODS_PODFILE_DIR_PATH}/Podfile.lock",
				"${PODS_ROOT}/Manifest.lock",
			);
			name = "[CP] Check Pods Manifest.lock";
			outputFileListPaths = (
			);
			outputPaths = (
				"$(DERIVED_FILE_DIR)/Pods-DisneyCharacters-checkManifestLockResult.txt",
			);
			runOnlyForDeploymentPostprocessing = 0;
			shellPath = /bin/sh;
			shellScript = "diff \"${PODS_PODFILE_DIR_PATH}/Podfile.lock\" \"${PODS_ROOT}/Manifest.lock\" > /dev/null\nif [ $? != 0 ] ; then\n    # print error to STDERR\n    echo \"error: The sandbox is not in sync with the Podfile.lock. Run 'pod install' or update your CocoaPods installation.\" >&2\n    exit 1\nfi\n# This output is used by Xcode 'outputs' to avoid re-running this script phase.\necho \"SUCCESS\" > \"${SCRIPT_OUTPUT_FILE_0}\"\n";
			showEnvVarsInLog = 0;
		};
		B75BA47A715B8B64CAF741A4 /* [CP] Check Pods Manifest.lock */ = {
			isa = PBXShellScriptBuildPhase;
			buildActionMask = 2147483647;
			files = (
			);
			inputFileListPaths = (
			);
			inputPaths = (
				"${PODS_PODFILE_DIR_PATH}/Podfile.lock",
				"${PODS_ROOT}/Manifest.lock",
			);
			name = "[CP] Check Pods Manifest.lock";
			outputFileListPaths = (
			);
			outputPaths = (
				"$(DERIVED_FILE_DIR)/Pods-DisneyCharactersTests-checkManifestLockResult.txt",
			);
			runOnlyForDeploymentPostprocessing = 0;
			shellPath = /bin/sh;
			shellScript = "diff \"${PODS_PODFILE_DIR_PATH}/Podfile.lock\" \"${PODS_ROOT}/Manifest.lock\" > /dev/null\nif [ $? != 0 ] ; then\n    # print error to STDERR\n    echo \"error: The sandbox is not in sync with the Podfile.lock. Run 'pod install' or update your CocoaPods installation.\" >&2\n    exit 1\nfi\n# This output is used by Xcode 'outputs' to avoid re-running this script phase.\necho \"SUCCESS\" > \"${SCRIPT_OUTPUT_FILE_0}\"\n";
			showEnvVarsInLog = 0;
		};
		BAE58202A3DEFA68204927A5 /* [CP] Embed Pods Frameworks */ = {
			isa = PBXShellScriptBuildPhase;
			buildActionMask = 2147483647;
			files = (
			);
			inputFileListPaths = (
				"${PODS_ROOT}/Target Support Files/Pods-DisneyCharacters/Pods-DisneyCharacters-frameworks-${CONFIGURATION}-input-files.xcfilelist",
			);
			name = "[CP] Embed Pods Frameworks";
			outputFileListPaths = (
				"${PODS_ROOT}/Target Support Files/Pods-DisneyCharacters/Pods-DisneyCharacters-frameworks-${CONFIGURATION}-output-files.xcfilelist",
			);
			runOnlyForDeploymentPostprocessing = 0;
			shellPath = /bin/sh;
			shellScript = "\"${PODS_ROOT}/Target Support Files/Pods-DisneyCharacters/Pods-DisneyCharacters-frameworks.sh\"\n";
			showEnvVarsInLog = 0;
		};
/* End PBXShellScriptBuildPhase section */

/* Begin PBXSourcesBuildPhase section */
		02238FA127EB681B0025903B /* Sources */ = {
			isa = PBXSourcesBuildPhase;
			buildActionMask = 2147483647;
			files = (
				02238FD727EB69570025903B /* CharactersListView.swift in Sources */,
				02238FD427EB68DF0025903B /* DisneyCharactersApp.swift in Sources */,
			);
			runOnlyForDeploymentPostprocessing = 0;
		};
		02238FB127EB681D0025903B /* Sources */ = {
			isa = PBXSourcesBuildPhase;
			buildActionMask = 2147483647;
			files = (
				02238FBA27EB681D0025903B /* DisneyCharactersTests.swift in Sources */,
			);
			runOnlyForDeploymentPostprocessing = 0;
		};
/* End PBXSourcesBuildPhase section */

/* Begin PBXTargetDependency section */
		02238FB727EB681D0025903B /* PBXTargetDependency */ = {
			isa = PBXTargetDependency;
			target = 02238FA427EB681B0025903B /* DisneyCharacters */;
			targetProxy = 02238FB627EB681D0025903B /* PBXContainerItemProxy */;
		};
/* End PBXTargetDependency section */

/* Begin XCBuildConfiguration section */
		02238FC727EB681D0025903B /* Debug */ = {
			isa = XCBuildConfiguration;
			buildSettings = {
				ALWAYS_SEARCH_USER_PATHS = NO;
				CLANG_ANALYZER_NONNULL = YES;
				CLANG_ANALYZER_NUMBER_OBJECT_CONVERSION = YES_AGGRESSIVE;
				CLANG_CXX_LANGUAGE_STANDARD = "gnu++17";
				CLANG_CXX_LIBRARY = "libc++";
				CLANG_ENABLE_MODULES = YES;
				CLANG_ENABLE_OBJC_ARC = YES;
				CLANG_ENABLE_OBJC_WEAK = YES;
				CLANG_WARN_BLOCK_CAPTURE_AUTORELEASING = YES;
				CLANG_WARN_BOOL_CONVERSION = YES;
				CLANG_WARN_COMMA = YES;
				CLANG_WARN_CONSTANT_CONVERSION = YES;
				CLANG_WARN_DEPRECATED_OBJC_IMPLEMENTATIONS = YES;
				CLANG_WARN_DIRECT_OBJC_ISA_USAGE = YES_ERROR;
				CLANG_WARN_DOCUMENTATION_COMMENTS = YES;
				CLANG_WARN_EMPTY_BODY = YES;
				CLANG_WARN_ENUM_CONVERSION = YES;
				CLANG_WARN_INFINITE_RECURSION = YES;
				CLANG_WARN_INT_CONVERSION = YES;
				CLANG_WARN_NON_LITERAL_NULL_CONVERSION = YES;
				CLANG_WARN_OBJC_IMPLICIT_RETAIN_SELF = YES;
				CLANG_WARN_OBJC_LITERAL_CONVERSION = YES;
				CLANG_WARN_OBJC_ROOT_CLASS = YES_ERROR;
				CLANG_WARN_QUOTED_INCLUDE_IN_FRAMEWORK_HEADER = YES;
				CLANG_WARN_RANGE_LOOP_ANALYSIS = YES;
				CLANG_WARN_STRICT_PROTOTYPES = YES;
				CLANG_WARN_SUSPICIOUS_MOVE = YES;
				CLANG_WARN_UNGUARDED_AVAILABILITY = YES_AGGRESSIVE;
				CLANG_WARN_UNREACHABLE_CODE = YES;
				CLANG_WARN__DUPLICATE_METHOD_MATCH = YES;
				COPY_PHASE_STRIP = NO;
				DEBUG_INFORMATION_FORMAT = dwarf;
				ENABLE_STRICT_OBJC_MSGSEND = YES;
				ENABLE_TESTABILITY = YES;
				GCC_C_LANGUAGE_STANDARD = gnu11;
				GCC_DYNAMIC_NO_PIC = NO;
				GCC_NO_COMMON_BLOCKS = YES;
				GCC_OPTIMIZATION_LEVEL = 0;
				GCC_PREPROCESSOR_DEFINITIONS = (
					"DEBUG=1",
					"$(inherited)",
				);
				GCC_WARN_64_TO_32_BIT_CONVERSION = YES;
				GCC_WARN_ABOUT_RETURN_TYPE = YES_ERROR;
				GCC_WARN_UNDECLARED_SELECTOR = YES;
				GCC_WARN_UNINITIALIZED_AUTOS = YES_AGGRESSIVE;
				GCC_WARN_UNUSED_FUNCTION = YES;
				GCC_WARN_UNUSED_VARIABLE = YES;
				IPHONEOS_DEPLOYMENT_TARGET = 15.2;
				MTL_ENABLE_DEBUG_INFO = INCLUDE_SOURCE;
				MTL_FAST_MATH = YES;
				ONLY_ACTIVE_ARCH = YES;
				SDKROOT = iphoneos;
				SWIFT_ACTIVE_COMPILATION_CONDITIONS = DEBUG;
				SWIFT_OPTIMIZATION_LEVEL = "-Onone";
			};
			name = Debug;
		};
		02238FC827EB681D0025903B /* Release */ = {
			isa = XCBuildConfiguration;
			buildSettings = {
				ALWAYS_SEARCH_USER_PATHS = NO;
				CLANG_ANALYZER_NONNULL = YES;
				CLANG_ANALYZER_NUMBER_OBJECT_CONVERSION = YES_AGGRESSIVE;
				CLANG_CXX_LANGUAGE_STANDARD = "gnu++17";
				CLANG_CXX_LIBRARY = "libc++";
				CLANG_ENABLE_MODULES = YES;
				CLANG_ENABLE_OBJC_ARC = YES;
				CLANG_ENABLE_OBJC_WEAK = YES;
				CLANG_WARN_BLOCK_CAPTURE_AUTORELEASING = YES;
				CLANG_WARN_BOOL_CONVERSION = YES;
				CLANG_WARN_COMMA = YES;
				CLANG_WARN_CONSTANT_CONVERSION = YES;
				CLANG_WARN_DEPRECATED_OBJC_IMPLEMENTATIONS = YES;
				CLANG_WARN_DIRECT_OBJC_ISA_USAGE = YES_ERROR;
				CLANG_WARN_DOCUMENTATION_COMMENTS = YES;
				CLANG_WARN_EMPTY_BODY = YES;
				CLANG_WARN_ENUM_CONVERSION = YES;
				CLANG_WARN_INFINITE_RECURSION = YES;
				CLANG_WARN_INT_CONVERSION = YES;
				CLANG_WARN_NON_LITERAL_NULL_CONVERSION = YES;
				CLANG_WARN_OBJC_IMPLICIT_RETAIN_SELF = YES;
				CLANG_WARN_OBJC_LITERAL_CONVERSION = YES;
				CLANG_WARN_OBJC_ROOT_CLASS = YES_ERROR;
				CLANG_WARN_QUOTED_INCLUDE_IN_FRAMEWORK_HEADER = YES;
				CLANG_WARN_RANGE_LOOP_ANALYSIS = YES;
				CLANG_WARN_STRICT_PROTOTYPES = YES;
				CLANG_WARN_SUSPICIOUS_MOVE = YES;
				CLANG_WARN_UNGUARDED_AVAILABILITY = YES_AGGRESSIVE;
				CLANG_WARN_UNREACHABLE_CODE = YES;
				CLANG_WARN__DUPLICATE_METHOD_MATCH = YES;
				COPY_PHASE_STRIP = NO;
				DEBUG_INFORMATION_FORMAT = "dwarf-with-dsym";
				ENABLE_NS_ASSERTIONS = NO;
				ENABLE_STRICT_OBJC_MSGSEND = YES;
				GCC_C_LANGUAGE_STANDARD = gnu11;
				GCC_NO_COMMON_BLOCKS = YES;
				GCC_WARN_64_TO_32_BIT_CONVERSION = YES;
				GCC_WARN_ABOUT_RETURN_TYPE = YES_ERROR;
				GCC_WARN_UNDECLARED_SELECTOR = YES;
				GCC_WARN_UNINITIALIZED_AUTOS = YES_AGGRESSIVE;
				GCC_WARN_UNUSED_FUNCTION = YES;
				GCC_WARN_UNUSED_VARIABLE = YES;
				IPHONEOS_DEPLOYMENT_TARGET = 15.2;
				MTL_ENABLE_DEBUG_INFO = NO;
				MTL_FAST_MATH = YES;
				SDKROOT = iphoneos;
				SWIFT_COMPILATION_MODE = wholemodule;
				SWIFT_OPTIMIZATION_LEVEL = "-O";
				VALIDATE_PRODUCT = YES;
			};
			name = Release;
		};
		02238FCA27EB681D0025903B /* Debug */ = {
			isa = XCBuildConfiguration;
			baseConfigurationReference = ADA58214865FEBE1F4AF50CC /* Pods-DisneyCharacters.debug.xcconfig */;
			buildSettings = {
				ASSETCATALOG_COMPILER_APPICON_NAME = AppIcon;
				ASSETCATALOG_COMPILER_GLOBAL_ACCENT_COLOR_NAME = AccentColor;
				CODE_SIGN_STYLE = Automatic;
				CURRENT_PROJECT_VERSION = 1;
				DEVELOPMENT_ASSET_PATHS = "\"DisneyCharacters/Preview Content\"";
				ENABLE_PREVIEWS = YES;
				GENERATE_INFOPLIST_FILE = YES;
				INFOPLIST_KEY_UIApplicationSceneManifest_Generation = YES;
				INFOPLIST_KEY_UIApplicationSupportsIndirectInputEvents = YES;
				INFOPLIST_KEY_UILaunchScreen_Generation = YES;
				INFOPLIST_KEY_UISupportedInterfaceOrientations_iPad = "UIInterfaceOrientationPortrait UIInterfaceOrientationPortraitUpsideDown UIInterfaceOrientationLandscapeLeft UIInterfaceOrientationLandscapeRight";
				INFOPLIST_KEY_UISupportedInterfaceOrientations_iPhone = "UIInterfaceOrientationPortrait UIInterfaceOrientationLandscapeLeft UIInterfaceOrientationLandscapeRight";
				LD_RUNPATH_SEARCH_PATHS = (
					"$(inherited)",
					"@executable_path/Frameworks",
				);
				MARKETING_VERSION = 1.0;
				PRODUCT_BUNDLE_IDENTIFIER = Home.DisneyCharacters;
				PRODUCT_NAME = "$(TARGET_NAME)";
				SWIFT_EMIT_LOC_STRINGS = YES;
				SWIFT_VERSION = 5.0;
				TARGETED_DEVICE_FAMILY = "1,2";
			};
			name = Debug;
		};
		02238FCB27EB681D0025903B /* Release */ = {
			isa = XCBuildConfiguration;
			baseConfigurationReference = EB17F91710E61BDC90A2F822 /* Pods-DisneyCharacters.release.xcconfig */;
			buildSettings = {
				ASSETCATALOG_COMPILER_APPICON_NAME = AppIcon;
				ASSETCATALOG_COMPILER_GLOBAL_ACCENT_COLOR_NAME = AccentColor;
				CODE_SIGN_STYLE = Automatic;
				CURRENT_PROJECT_VERSION = 1;
				DEVELOPMENT_ASSET_PATHS = "\"DisneyCharacters/Preview Content\"";
				ENABLE_PREVIEWS = YES;
				GENERATE_INFOPLIST_FILE = YES;
				INFOPLIST_KEY_UIApplicationSceneManifest_Generation = YES;
				INFOPLIST_KEY_UIApplicationSupportsIndirectInputEvents = YES;
				INFOPLIST_KEY_UILaunchScreen_Generation = YES;
				INFOPLIST_KEY_UISupportedInterfaceOrientations_iPad = "UIInterfaceOrientationPortrait UIInterfaceOrientationPortraitUpsideDown UIInterfaceOrientationLandscapeLeft UIInterfaceOrientationLandscapeRight";
				INFOPLIST_KEY_UISupportedInterfaceOrientations_iPhone = "UIInterfaceOrientationPortrait UIInterfaceOrientationLandscapeLeft UIInterfaceOrientationLandscapeRight";
				LD_RUNPATH_SEARCH_PATHS = (
					"$(inherited)",
					"@executable_path/Frameworks",
				);
				MARKETING_VERSION = 1.0;
				PRODUCT_BUNDLE_IDENTIFIER = Home.DisneyCharacters;
				PRODUCT_NAME = "$(TARGET_NAME)";
				SWIFT_EMIT_LOC_STRINGS = YES;
				SWIFT_VERSION = 5.0;
				TARGETED_DEVICE_FAMILY = "1,2";
			};
			name = Release;
		};
		02238FCD27EB681D0025903B /* Debug */ = {
			isa = XCBuildConfiguration;
			baseConfigurationReference = ED268ABA857D534BD67746F7 /* Pods-DisneyCharactersTests.debug.xcconfig */;
			buildSettings = {
				ALWAYS_EMBED_SWIFT_STANDARD_LIBRARIES = YES;
				BUNDLE_LOADER = "$(TEST_HOST)";
				CODE_SIGN_STYLE = Automatic;
				CURRENT_PROJECT_VERSION = 1;
				GENERATE_INFOPLIST_FILE = YES;
				IPHONEOS_DEPLOYMENT_TARGET = 15.2;
				MARKETING_VERSION = 1.0;
				PRODUCT_BUNDLE_IDENTIFIER = Home.DisneyCharactersTests;
				PRODUCT_NAME = "$(TARGET_NAME)";
				SWIFT_EMIT_LOC_STRINGS = NO;
				SWIFT_VERSION = 5.0;
				TARGETED_DEVICE_FAMILY = "1,2";
				TEST_HOST = "$(BUILT_PRODUCTS_DIR)/DisneyCharacters.app/DisneyCharacters";
			};
			name = Debug;
		};
		02238FCE27EB681D0025903B /* Release */ = {
			isa = XCBuildConfiguration;
			baseConfigurationReference = 2AD177F119F5CDA85DD296E6 /* Pods-DisneyCharactersTests.release.xcconfig */;
			buildSettings = {
				ALWAYS_EMBED_SWIFT_STANDARD_LIBRARIES = YES;
				BUNDLE_LOADER = "$(TEST_HOST)";
				CODE_SIGN_STYLE = Automatic;
				CURRENT_PROJECT_VERSION = 1;
				GENERATE_INFOPLIST_FILE = YES;
				IPHONEOS_DEPLOYMENT_TARGET = 15.2;
				MARKETING_VERSION = 1.0;
				PRODUCT_BUNDLE_IDENTIFIER = Home.DisneyCharactersTests;
				PRODUCT_NAME = "$(TARGET_NAME)";
				SWIFT_EMIT_LOC_STRINGS = NO;
				SWIFT_VERSION = 5.0;
				TARGETED_DEVICE_FAMILY = "1,2";
				TEST_HOST = "$(BUILT_PRODUCTS_DIR)/DisneyCharacters.app/DisneyCharacters";
			};
			name = Release;
		};
/* End XCBuildConfiguration section */

/* Begin XCConfigurationList section */
		02238FA027EB681B0025903B /* Build configuration list for PBXProject "DisneyCharacters" */ = {
			isa = XCConfigurationList;
			buildConfigurations = (
				02238FC727EB681D0025903B /* Debug */,
				02238FC827EB681D0025903B /* Release */,
			);
			defaultConfigurationIsVisible = 0;
			defaultConfigurationName = Release;
		};
		02238FC927EB681D0025903B /* Build configuration list for PBXNativeTarget "DisneyCharacters" */ = {
			isa = XCConfigurationList;
			buildConfigurations = (
				02238FCA27EB681D0025903B /* Debug */,
				02238FCB27EB681D0025903B /* Release */,
			);
			defaultConfigurationIsVisible = 0;
			defaultConfigurationName = Release;
		};
		02238FCC27EB681D0025903B /* Build configuration list for PBXNativeTarget "DisneyCharactersTests" */ = {
			isa = XCConfigurationList;
			buildConfigurations = (
				02238FCD27EB681D0025903B /* Debug */,
				02238FCE27EB681D0025903B /* Release */,
			);
			defaultConfigurationIsVisible = 0;
			defaultConfigurationName = Release;
		};
/* End XCConfigurationList section */
	};
	rootObject = 02238F9D27EB681B0025903B /* Project object */;
}
